
Microsoft Visual Studio Solution File, Format Version 12.00
# Visual Studio Version 17
VisualStudioVersion = 17.8.34330.188
MinimumVisualStudioVersion = 10.0.40219.1
Project("{8BC9CEB8-8B4A-11D0-8D11-00A0C91BC942}") = "과제", "과제\과제.vcxproj", "{2C8DE282-E81E-486D-A68E-0AA643FEBF31}"
EndProject
Project("{8BC9CEB8-8B4A-11D0-8D11-00A0C91BC942}") = "문제4", "문제4\문제4.vcxproj", "{DB12C2B9-9541-48B9-BF41-9CF88907E4A3}"
EndProject
Project("{8BC9CEB8-8B4A-11D0-8D11-00A0C91BC942}") = "퀴즈2_1", "퀴즈2_1\퀴즈2_1.vcxproj", "{09CF231D-6B07-44FD-A8DB-F5E149A2F855}"
EndProject
Project("{8BC9CEB8-8B4A-11D0-8D11-00A0C91BC942}") = "희소 행렬", "Project1\Project1.vcxproj", "{016E9093-B799-49A9-8A02-FFE46A8D9DAE}"
EndProject
Project("{8BC9CEB8-8B4A-11D0-8D11-00A0C91BC942}") = "과제2", "과제2\과제2.vcxproj", "{DFCE2805-94B0-4D13-8661-516AD4CEA065}"
EndProject
Project("{8BC9CEB8-8B4A-11D0-8D11-00A0C91BC942}") = "퀴즈3", "퀴즈3\퀴즈3.vcxproj", "{6CEAA7F8-863A-4D77-B2BB-A6A76B6DE54C}"
EndProject
Project("{8BC9CEB8-8B4A-11D0-8D11-00A0C91BC942}") = "4-11", "4-11\4-11.vcxproj", "{B1B141C8-3327-493B-8153-C7C51ABDF159}"
EndProject
Project("{8BC9CEB8-8B4A-11D0-8D11-00A0C91BC942}") = "교과서", "교과서\교과서.vcxproj", "{CB136073-68D7-47A6-B5B2-C11B0D1A09A6}"
EndProject
Project("{8BC9CEB8-8B4A-11D0-8D11-00A0C91BC942}") = "교과서 3장", "교과서ㅏ\교과서ㅏ.vcxproj", "{01E09783-F674-4E87-9F11-30AFE377819A}"
EndProject
Project("{8BC9CEB8-8B4A-11D0-8D11-00A0C91BC942}") = "데구랩", "데구랩\데구랩.vcxproj", "{A1219DAE-E617-4FCF-9FB2-97A09FAA303F}"
EndProject
Project("{8BC9CEB8-8B4A-11D0-8D11-00A0C91BC942}") = "과제2_계산기", "과제2_계산기\과제2_계산기.vcxproj", "{C0DFA593-047E-40AF-B61D-204C98E312F6}"
EndProject
Global
	GlobalSection(SolutionConfigurationPlatforms) = preSolution
		Debug|x64 = Debug|x64
		Debug|x86 = Debug|x86
		Release|x64 = Release|x64
		Release|x86 = Release|x86
	EndGlobalSection
	GlobalSection(ProjectConfigurationPlatforms) = postSolution
		{2C8DE282-E81E-486D-A68E-0AA643FEBF31}.Debug|x64.ActiveCfg = Debug|x64
		{2C8DE282-E81E-486D-A68E-0AA643FEBF31}.Debug|x64.Build.0 = Debug|x64
		{2C8DE282-E81E-486D-A68E-0AA643FEBF31}.Debug|x86.ActiveCfg = Debug|Win32
		{2C8DE282-E81E-486D-A68E-0AA643FEBF31}.Debug|x86.Build.0 = Debug|Win32
		{2C8DE282-E81E-486D-A68E-0AA643FEBF31}.Release|x64.ActiveCfg = Release|x64
		{2C8DE282-E81E-486D-A68E-0AA643FEBF31}.Release|x64.Build.0 = Release|x64
		{2C8DE282-E81E-486D-A68E-0AA643FEBF31}.Release|x86.ActiveCfg = Release|Win32
		{2C8DE282-E81E-486D-A68E-0AA643FEBF31}.Release|x86.Build.0 = Release|Win32
		{DB12C2B9-9541-48B9-BF41-9CF88907E4A3}.Debug|x64.ActiveCfg = Debug|x64
		{DB12C2B9-9541-48B9-BF41-9CF88907E4A3}.Debug|x64.Build.0 = Debug|x64
		{DB12C2B9-9541-48B9-BF41-9CF88907E4A3}.Debug|x86.ActiveCfg = Debug|Win32
		{DB12C2B9-9541-48B9-BF41-9CF88907E4A3}.Debug|x86.Build.0 = Debug|Win32
		{DB12C2B9-9541-48B9-BF41-9CF88907E4A3}.Release|x64.ActiveCfg = Release|x64
		{DB12C2B9-9541-48B9-BF41-9CF88907E4A3}.Release|x64.Build.0 = Release|x64
		{DB12C2B9-9541-48B9-BF41-9CF88907E4A3}.Release|x86.ActiveCfg = Release|Win32
		{DB12C2B9-9541-48B9-BF41-9CF88907E4A3}.Release|x86.Build.0 = Release|Win32
		{09CF231D-6B07-44FD-A8DB-F5E149A2F855}.Debug|x64.ActiveCfg = Debug|x64
		{09CF231D-6B07-44FD-A8DB-F5E149A2F855}.Debug|x64.Build.0 = Debug|x64
		{09CF231D-6B07-44FD-A8DB-F5E149A2F855}.Debug|x86.ActiveCfg = Debug|Win32
		{09CF231D-6B07-44FD-A8DB-F5E149A2F855}.Debug|x86.Build.0 = Debug|Win32
		{09CF231D-6B07-44FD-A8DB-F5E149A2F855}.Release|x64.ActiveCfg = Release|x64
		{09CF231D-6B07-44FD-A8DB-F5E149A2F855}.Release|x64.Build.0 = Release|x64
		{09CF231D-6B07-44FD-A8DB-F5E149A2F855}.Release|x86.ActiveCfg = Release|Win32
		{09CF231D-6B07-44FD-A8DB-F5E149A2F855}.Release|x86.Build.0 = Release|Win32
		{016E9093-B799-49A9-8A02-FFE46A8D9DAE}.Debug|x64.ActiveCfg = Debug|x64
		{016E9093-B799-49A9-8A02-FFE46A8D9DAE}.Debug|x64.Build.0 = Debug|x64
		{016E9093-B799-49A9-8A02-FFE46A8D9DAE}.Debug|x86.ActiveCfg = Debug|Win32
		{016E9093-B799-49A9-8A02-FFE46A8D9DAE}.Debug|x86.Build.0 = Debug|Win32
		{016E9093-B799-49A9-8A02-FFE46A8D9DAE}.Release|x64.ActiveCfg = Release|x64
		{016E9093-B799-49A9-8A02-FFE46A8D9DAE}.Release|x64.Build.0 = Release|x64
		{016E9093-B799-49A9-8A02-FFE46A8D9DAE}.Release|x86.ActiveCfg = Release|Win32
		{016E9093-B799-49A9-8A02-FFE46A8D9DAE}.Release|x86.Build.0 = Release|Win32
		{DFCE2805-94B0-4D13-8661-516AD4CEA065}.Debug|x64.ActiveCfg = Debug|x64
		{DFCE2805-94B0-4D13-8661-516AD4CEA065}.Debug|x64.Build.0 = Debug|x64
		{DFCE2805-94B0-4D13-8661-516AD4CEA065}.Debug|x86.ActiveCfg = Debug|Win32
		{DFCE2805-94B0-4D13-8661-516AD4CEA065}.Debug|x86.Build.0 = Debug|Win32
		{DFCE2805-94B0-4D13-8661-516AD4CEA065}.Release|x64.ActiveCfg = Release|x64
		{DFCE2805-94B0-4D13-8661-516AD4CEA065}.Release|x64.Build.0 = Release|x64
		{DFCE2805-94B0-4D13-8661-516AD4CEA065}.Release|x86.ActiveCfg = Release|Win32
		{DFCE2805-94B0-4D13-8661-516AD4CEA065}.Release|x86.Build.0 = Release|Win32
		{6CEAA7F8-863A-4D77-B2BB-A6A76B6DE54C}.Debug|x64.ActiveCfg = Debug|x64
		{6CEAA7F8-863A-4D77-B2BB-A6A76B6DE54C}.Debug|x64.Build.0 = Debug|x64
		{6CEAA7F8-863A-4D77-B2BB-A6A76B6DE54C}.Debug|x86.ActiveCfg = Debug|Win32
		{6CEAA7F8-863A-4D77-B2BB-A6A76B6DE54C}.Debug|x86.Build.0 = Debug|Win32
		{6CEAA7F8-863A-4D77-B2BB-A6A76B6DE54C}.Release|x64.ActiveCfg = Release|x64
		{6CEAA7F8-863A-4D77-B2BB-A6A76B6DE54C}.Release|x64.Build.0 = Release|x64
		{6CEAA7F8-863A-4D77-B2BB-A6A76B6DE54C}.Release|x86.ActiveCfg = Release|Win32
		{6CEAA7F8-863A-4D77-B2BB-A6A76B6DE54C}.Release|x86.Build.0 = Release|Win32
		{B1B141C8-3327-493B-8153-C7C51ABDF159}.Debug|x64.ActiveCfg = Debug|x64
		{B1B141C8-3327-493B-8153-C7C51ABDF159}.Debug|x64.Build.0 = Debug|x64
		{B1B141C8-3327-493B-8153-C7C51ABDF159}.Debug|x86.ActiveCfg = Debug|Win32
		{B1B141C8-3327-493B-8153-C7C51ABDF159}.Debug|x86.Build.0 = Debug|Win32
		{B1B141C8-3327-493B-8153-C7C51ABDF159}.Release|x64.ActiveCfg = Release|x64
		{B1B141C8-3327-493B-8153-C7C51ABDF159}.Release|x64.Build.0 = Release|x64
		{B1B141C8-3327-493B-8153-C7C51ABDF159}.Release|x86.ActiveCfg = Release|Win32
		{B1B141C8-3327-493B-8153-C7C51ABDF159}.Release|x86.Build.0 = Release|Win32
		{CB136073-68D7-47A6-B5B2-C11B0D1A09A6}.Debug|x64.ActiveCfg = Debug|x64
		{CB136073-68D7-47A6-B5B2-C11B0D1A09A6}.Debug|x64.Build.0 = Debug|x64
		{CB136073-68D7-47A6-B5B2-C11B0D1A09A6}.Debug|x86.ActiveCfg = Debug|Win32
		{CB136073-68D7-47A6-B5B2-C11B0D1A09A6}.Debug|x86.Build.0 = Debug|Win32
		{CB136073-68D7-47A6-B5B2-C11B0D1A09A6}.Release|x64.ActiveCfg = Release|x64
		{CB136073-68D7-47A6-B5B2-C11B0D1A09A6}.Release|x64.Build.0 = Release|x64
		{CB136073-68D7-47A6-B5B2-C11B0D1A09A6}.Release|x86.ActiveCfg = Release|Win32
		{CB136073-68D7-47A6-B5B2-C11B0D1A09A6}.Release|x86.Build.0 = Release|Win32
		{01E09783-F674-4E87-9F11-30AFE377819A}.Debug|x64.ActiveCfg = Debug|x64
		{01E09783-F674-4E87-9F11-30AFE377819A}.Debug|x64.Build.0 = Debug|x64
		{01E09783-F674-4E87-9F11-30AFE377819A}.Debug|x86.ActiveCfg = Debug|Win32
		{01E09783-F674-4E87-9F11-30AFE377819A}.Debug|x86.Build.0 = Debug|Win32
		{01E09783-F674-4E87-9F11-30AFE377819A}.Release|x64.ActiveCfg = Release|x64
		{01E09783-F674-4E87-9F11-30AFE377819A}.Release|x64.Build.0 = Release|x64
		{01E09783-F674-4E87-9F11-30AFE377819A}.Release|x86.ActiveCfg = Release|Win32
		{01E09783-F674-4E87-9F11-30AFE377819A}.Release|x86.Build.0 = Release|Win32
		{A1219DAE-E617-4FCF-9FB2-97A09FAA303F}.Debug|x64.ActiveCfg = Debug|x64
		{A1219DAE-E617-4FCF-9FB2-97A09FAA303F}.Debug|x64.Build.0 = Debug|x64
		{A1219DAE-E617-4FCF-9FB2-97A09FAA303F}.Debug|x86.ActiveCfg = Debug|Win32
		{A1219DAE-E617-4FCF-9FB2-97A09FAA303F}.Debug|x86.Build.0 = Debug|Win32
		{A1219DAE-E617-4FCF-9FB2-97A09FAA303F}.Release|x64.ActiveCfg = Release|x64
		{A1219DAE-E617-4FCF-9FB2-97A09FAA303F}.Release|x64.Build.0 = Release|x64
		{A1219DAE-E617-4FCF-9FB2-97A09FAA303F}.Release|x86.ActiveCfg = Release|Win32
		{A1219DAE-E617-4FCF-9FB2-97A09FAA303F}.Release|x86.Build.0 = Release|Win32
		{C0DFA593-047E-40AF-B61D-204C98E312F6}.Debug|x64.ActiveCfg = Debug|x64
		{C0DFA593-047E-40AF-B61D-204C98E312F6}.Debug|x64.Build.0 = Debug|x64
		{C0DFA593-047E-40AF-B61D-204C98E312F6}.Debug|x86.ActiveCfg = Debug|Win32
		{C0DFA593-047E-40AF-B61D-204C98E312F6}.Debug|x86.Build.0 = Debug|Win32
		{C0DFA593-047E-40AF-B61D-204C98E312F6}.Release|x64.ActiveCfg = Release|x64
		{C0DFA593-047E-40AF-B61D-204C98E312F6}.Release|x64.Build.0 = Release|x64
		{C0DFA593-047E-40AF-B61D-204C98E312F6}.Release|x86.ActiveCfg = Release|Win32
		{C0DFA593-047E-40AF-B61D-204C98E312F6}.Release|x86.Build.0 = Release|Win32
	EndGlobalSection
	GlobalSection(SolutionProperties) = preSolution
		HideSolutionNode = FALSE
	EndGlobalSection
	GlobalSection(ExtensibilityGlobals) = postSolution
		SolutionGuid = {C887FF9B-077E-4CEA-ACD9-53CD5F549D8A}
	EndGlobalSection
EndGlobal
