
Microsoft Visual Studio Solution File, Format Version 12.00
# Visual Studio Version 17
VisualStudioVersion = 17.8.34330.188
MinimumVisualStudioVersion = 10.0.40219.1
Project("{8BC9CEB8-8B4A-11D0-8D11-00A0C91BC942}") = "2024 데구랩 퀴즈3", "기말 퀴즈\기말 퀴즈.vcxproj", "{EA421EA0-61E5-4ADE-86FA-96D4152C83AA}"
EndProject
Project("{8BC9CEB8-8B4A-11D0-8D11-00A0C91BC942}") = "데구 실습 9주차", "데구 실습 9주차\데구 실습 9주차.vcxproj", "{D6ADFE8E-56F0-4559-9092-D137BFB9104D}"
EndProject
Project("{8BC9CEB8-8B4A-11D0-8D11-00A0C91BC942}") = "5_08(퀴즈 #5)", "5_08(퀴즈)\5_08(퀴즈).vcxproj", "{8AD588BE-147B-406B-A066-3A2630EC6743}"
EndProject
Project("{8BC9CEB8-8B4A-11D0-8D11-00A0C91BC942}") = "5-09 실습", "5-09 실습\5-09 실습.vcxproj", "{73E235E3-3ED3-4A73-8E41-8FCB77265692}"
EndProject
Project("{8BC9CEB8-8B4A-11D0-8D11-00A0C91BC942}") = "퀴즈6", "퀴즈6\퀴즈6.vcxproj", "{B92631D4-077F-4384-B635-1F15C304CE58}"
EndProject
Project("{8BC9CEB8-8B4A-11D0-8D11-00A0C91BC942}") = "리포트4", "리포트4\리포트4.vcxproj", "{EC132B81-2514-498F-9651-563F910CF067}"
EndProject
Project("{8BC9CEB8-8B4A-11D0-8D11-00A0C91BC942}") = "리포트 5", "리포트5\리포트5.vcxproj", "{71E3BDE7-0E74-4DDB-85E1-C13970281AB0}"
EndProject
Project("{8BC9CEB8-8B4A-11D0-8D11-00A0C91BC942}") = "리스트_큐", "리스트_큐\리스트_큐.vcxproj", "{606ACA2C-AADE-4209-AD00-BF7374E948C3}"
EndProject
Project("{8BC9CEB8-8B4A-11D0-8D11-00A0C91BC942}") = "트리_수준별 순회", "트리_수준별 순회\트리_수준별 순회.vcxproj", "{F738B3B0-FCF9-4F64-AEA6-E6670B6A7CDB}"
EndProject
Project("{8BC9CEB8-8B4A-11D0-8D11-00A0C91BC942}") = "트리_수식트리(1)", "수식트리(1)\수식트리(1).vcxproj", "{2E487F42-CE07-484D-80DF-74DAFF63B751}"
EndProject
Project("{8BC9CEB8-8B4A-11D0-8D11-00A0C91BC942}") = "트리_수식트리(2)", "트리_수식트리(2)\트리_수식트리(2).vcxproj", "{C4DBAD4D-3DD9-4608-A93E-272CE895E362}"
EndProject
Project("{8BC9CEB8-8B4A-11D0-8D11-00A0C91BC942}") = "트리높이", "트리높이\트리높이.vcxproj", "{BBAB764F-E3FD-4DDF-BB6B-BCCF57940F7B}"
EndProject
Project("{8BC9CEB8-8B4A-11D0-8D11-00A0C91BC942}") = "트리_오름차순 삽입", "트리_오름차순 삽입\트리_오름차순 삽입.vcxproj", "{696B71AB-D9FE-4919-AE64-AC76D4F469B2}"
EndProject
Project("{8BC9CEB8-8B4A-11D0-8D11-00A0C91BC942}") = "교과서 큐", "교과서 큐\교과서 큐.vcxproj", "{A9B3800F-DF20-4CA5-BF14-4BA3B07418FC}"
EndProject
Global
	GlobalSection(SolutionConfigurationPlatforms) = preSolution
		Debug|x64 = Debug|x64
		Debug|x86 = Debug|x86
		Release|x64 = Release|x64
		Release|x86 = Release|x86
	EndGlobalSection
	GlobalSection(ProjectConfigurationPlatforms) = postSolution
		{EA421EA0-61E5-4ADE-86FA-96D4152C83AA}.Debug|x64.ActiveCfg = Debug|x64
		{EA421EA0-61E5-4ADE-86FA-96D4152C83AA}.Debug|x64.Build.0 = Debug|x64
		{EA421EA0-61E5-4ADE-86FA-96D4152C83AA}.Debug|x86.ActiveCfg = Debug|Win32
		{EA421EA0-61E5-4ADE-86FA-96D4152C83AA}.Debug|x86.Build.0 = Debug|Win32
		{EA421EA0-61E5-4ADE-86FA-96D4152C83AA}.Release|x64.ActiveCfg = Release|x64
		{EA421EA0-61E5-4ADE-86FA-96D4152C83AA}.Release|x64.Build.0 = Release|x64
		{EA421EA0-61E5-4ADE-86FA-96D4152C83AA}.Release|x86.ActiveCfg = Release|Win32
		{EA421EA0-61E5-4ADE-86FA-96D4152C83AA}.Release|x86.Build.0 = Release|Win32
		{D6ADFE8E-56F0-4559-9092-D137BFB9104D}.Debug|x64.ActiveCfg = Debug|x64
		{D6ADFE8E-56F0-4559-9092-D137BFB9104D}.Debug|x64.Build.0 = Debug|x64
		{D6ADFE8E-56F0-4559-9092-D137BFB9104D}.Debug|x86.ActiveCfg = Debug|Win32
		{D6ADFE8E-56F0-4559-9092-D137BFB9104D}.Debug|x86.Build.0 = Debug|Win32
		{D6ADFE8E-56F0-4559-9092-D137BFB9104D}.Release|x64.ActiveCfg = Release|x64
		{D6ADFE8E-56F0-4559-9092-D137BFB9104D}.Release|x64.Build.0 = Release|x64
		{D6ADFE8E-56F0-4559-9092-D137BFB9104D}.Release|x86.ActiveCfg = Release|Win32
		{D6ADFE8E-56F0-4559-9092-D137BFB9104D}.Release|x86.Build.0 = Release|Win32
		{8AD588BE-147B-406B-A066-3A2630EC6743}.Debug|x64.ActiveCfg = Debug|x64
		{8AD588BE-147B-406B-A066-3A2630EC6743}.Debug|x64.Build.0 = Debug|x64
		{8AD588BE-147B-406B-A066-3A2630EC6743}.Debug|x86.ActiveCfg = Debug|Win32
		{8AD588BE-147B-406B-A066-3A2630EC6743}.Debug|x86.Build.0 = Debug|Win32
		{8AD588BE-147B-406B-A066-3A2630EC6743}.Release|x64.ActiveCfg = Release|x64
		{8AD588BE-147B-406B-A066-3A2630EC6743}.Release|x64.Build.0 = Release|x64
		{8AD588BE-147B-406B-A066-3A2630EC6743}.Release|x86.ActiveCfg = Release|Win32
		{8AD588BE-147B-406B-A066-3A2630EC6743}.Release|x86.Build.0 = Release|Win32
		{73E235E3-3ED3-4A73-8E41-8FCB77265692}.Debug|x64.ActiveCfg = Debug|x64
		{73E235E3-3ED3-4A73-8E41-8FCB77265692}.Debug|x64.Build.0 = Debug|x64
		{73E235E3-3ED3-4A73-8E41-8FCB77265692}.Debug|x86.ActiveCfg = Debug|Win32
		{73E235E3-3ED3-4A73-8E41-8FCB77265692}.Debug|x86.Build.0 = Debug|Win32
		{73E235E3-3ED3-4A73-8E41-8FCB77265692}.Release|x64.ActiveCfg = Release|x64
		{73E235E3-3ED3-4A73-8E41-8FCB77265692}.Release|x64.Build.0 = Release|x64
		{73E235E3-3ED3-4A73-8E41-8FCB77265692}.Release|x86.ActiveCfg = Release|Win32
		{73E235E3-3ED3-4A73-8E41-8FCB77265692}.Release|x86.Build.0 = Release|Win32
		{B92631D4-077F-4384-B635-1F15C304CE58}.Debug|x64.ActiveCfg = Debug|x64
		{B92631D4-077F-4384-B635-1F15C304CE58}.Debug|x64.Build.0 = Debug|x64
		{B92631D4-077F-4384-B635-1F15C304CE58}.Debug|x86.ActiveCfg = Debug|Win32
		{B92631D4-077F-4384-B635-1F15C304CE58}.Debug|x86.Build.0 = Debug|Win32
		{B92631D4-077F-4384-B635-1F15C304CE58}.Release|x64.ActiveCfg = Release|x64
		{B92631D4-077F-4384-B635-1F15C304CE58}.Release|x64.Build.0 = Release|x64
		{B92631D4-077F-4384-B635-1F15C304CE58}.Release|x86.ActiveCfg = Release|Win32
		{B92631D4-077F-4384-B635-1F15C304CE58}.Release|x86.Build.0 = Release|Win32
		{EC132B81-2514-498F-9651-563F910CF067}.Debug|x64.ActiveCfg = Debug|x64
		{EC132B81-2514-498F-9651-563F910CF067}.Debug|x64.Build.0 = Debug|x64
		{EC132B81-2514-498F-9651-563F910CF067}.Debug|x86.ActiveCfg = Debug|Win32
		{EC132B81-2514-498F-9651-563F910CF067}.Debug|x86.Build.0 = Debug|Win32
		{EC132B81-2514-498F-9651-563F910CF067}.Release|x64.ActiveCfg = Release|x64
		{EC132B81-2514-498F-9651-563F910CF067}.Release|x64.Build.0 = Release|x64
		{EC132B81-2514-498F-9651-563F910CF067}.Release|x86.ActiveCfg = Release|Win32
		{EC132B81-2514-498F-9651-563F910CF067}.Release|x86.Build.0 = Release|Win32
		{71E3BDE7-0E74-4DDB-85E1-C13970281AB0}.Debug|x64.ActiveCfg = Debug|x64
		{71E3BDE7-0E74-4DDB-85E1-C13970281AB0}.Debug|x64.Build.0 = Debug|x64
		{71E3BDE7-0E74-4DDB-85E1-C13970281AB0}.Debug|x86.ActiveCfg = Debug|Win32
		{71E3BDE7-0E74-4DDB-85E1-C13970281AB0}.Debug|x86.Build.0 = Debug|Win32
		{71E3BDE7-0E74-4DDB-85E1-C13970281AB0}.Release|x64.ActiveCfg = Release|x64
		{71E3BDE7-0E74-4DDB-85E1-C13970281AB0}.Release|x64.Build.0 = Release|x64
		{71E3BDE7-0E74-4DDB-85E1-C13970281AB0}.Release|x86.ActiveCfg = Release|Win32
		{71E3BDE7-0E74-4DDB-85E1-C13970281AB0}.Release|x86.Build.0 = Release|Win32
		{606ACA2C-AADE-4209-AD00-BF7374E948C3}.Debug|x64.ActiveCfg = Debug|x64
		{606ACA2C-AADE-4209-AD00-BF7374E948C3}.Debug|x64.Build.0 = Debug|x64
		{606ACA2C-AADE-4209-AD00-BF7374E948C3}.Debug|x86.ActiveCfg = Debug|Win32
		{606ACA2C-AADE-4209-AD00-BF7374E948C3}.Debug|x86.Build.0 = Debug|Win32
		{606ACA2C-AADE-4209-AD00-BF7374E948C3}.Release|x64.ActiveCfg = Release|x64
		{606ACA2C-AADE-4209-AD00-BF7374E948C3}.Release|x64.Build.0 = Release|x64
		{606ACA2C-AADE-4209-AD00-BF7374E948C3}.Release|x86.ActiveCfg = Release|Win32
		{606ACA2C-AADE-4209-AD00-BF7374E948C3}.Release|x86.Build.0 = Release|Win32
		{F738B3B0-FCF9-4F64-AEA6-E6670B6A7CDB}.Debug|x64.ActiveCfg = Debug|x64
		{F738B3B0-FCF9-4F64-AEA6-E6670B6A7CDB}.Debug|x64.Build.0 = Debug|x64
		{F738B3B0-FCF9-4F64-AEA6-E6670B6A7CDB}.Debug|x86.ActiveCfg = Debug|Win32
		{F738B3B0-FCF9-4F64-AEA6-E6670B6A7CDB}.Debug|x86.Build.0 = Debug|Win32
		{F738B3B0-FCF9-4F64-AEA6-E6670B6A7CDB}.Release|x64.ActiveCfg = Release|x64
		{F738B3B0-FCF9-4F64-AEA6-E6670B6A7CDB}.Release|x64.Build.0 = Release|x64
		{F738B3B0-FCF9-4F64-AEA6-E6670B6A7CDB}.Release|x86.ActiveCfg = Release|Win32
		{F738B3B0-FCF9-4F64-AEA6-E6670B6A7CDB}.Release|x86.Build.0 = Release|Win32
		{2E487F42-CE07-484D-80DF-74DAFF63B751}.Debug|x64.ActiveCfg = Debug|x64
		{2E487F42-CE07-484D-80DF-74DAFF63B751}.Debug|x64.Build.0 = Debug|x64
		{2E487F42-CE07-484D-80DF-74DAFF63B751}.Debug|x86.ActiveCfg = Debug|Win32
		{2E487F42-CE07-484D-80DF-74DAFF63B751}.Debug|x86.Build.0 = Debug|Win32
		{2E487F42-CE07-484D-80DF-74DAFF63B751}.Release|x64.ActiveCfg = Release|x64
		{2E487F42-CE07-484D-80DF-74DAFF63B751}.Release|x64.Build.0 = Release|x64
		{2E487F42-CE07-484D-80DF-74DAFF63B751}.Release|x86.ActiveCfg = Release|Win32
		{2E487F42-CE07-484D-80DF-74DAFF63B751}.Release|x86.Build.0 = Release|Win32
		{C4DBAD4D-3DD9-4608-A93E-272CE895E362}.Debug|x64.ActiveCfg = Debug|x64
		{C4DBAD4D-3DD9-4608-A93E-272CE895E362}.Debug|x64.Build.0 = Debug|x64
		{C4DBAD4D-3DD9-4608-A93E-272CE895E362}.Debug|x86.ActiveCfg = Debug|Win32
		{C4DBAD4D-3DD9-4608-A93E-272CE895E362}.Debug|x86.Build.0 = Debug|Win32
		{C4DBAD4D-3DD9-4608-A93E-272CE895E362}.Release|x64.ActiveCfg = Release|x64
		{C4DBAD4D-3DD9-4608-A93E-272CE895E362}.Release|x64.Build.0 = Release|x64
		{C4DBAD4D-3DD9-4608-A93E-272CE895E362}.Release|x86.ActiveCfg = Release|Win32
		{C4DBAD4D-3DD9-4608-A93E-272CE895E362}.Release|x86.Build.0 = Release|Win32
		{BBAB764F-E3FD-4DDF-BB6B-BCCF57940F7B}.Debug|x64.ActiveCfg = Debug|x64
		{BBAB764F-E3FD-4DDF-BB6B-BCCF57940F7B}.Debug|x64.Build.0 = Debug|x64
		{BBAB764F-E3FD-4DDF-BB6B-BCCF57940F7B}.Debug|x86.ActiveCfg = Debug|Win32
		{BBAB764F-E3FD-4DDF-BB6B-BCCF57940F7B}.Debug|x86.Build.0 = Debug|Win32
		{BBAB764F-E3FD-4DDF-BB6B-BCCF57940F7B}.Release|x64.ActiveCfg = Release|x64
		{BBAB764F-E3FD-4DDF-BB6B-BCCF57940F7B}.Release|x64.Build.0 = Release|x64
		{BBAB764F-E3FD-4DDF-BB6B-BCCF57940F7B}.Release|x86.ActiveCfg = Release|Win32
		{BBAB764F-E3FD-4DDF-BB6B-BCCF57940F7B}.Release|x86.Build.0 = Release|Win32
		{696B71AB-D9FE-4919-AE64-AC76D4F469B2}.Debug|x64.ActiveCfg = Debug|x64
		{696B71AB-D9FE-4919-AE64-AC76D4F469B2}.Debug|x64.Build.0 = Debug|x64
		{696B71AB-D9FE-4919-AE64-AC76D4F469B2}.Debug|x86.ActiveCfg = Debug|Win32
		{696B71AB-D9FE-4919-AE64-AC76D4F469B2}.Debug|x86.Build.0 = Debug|Win32
		{696B71AB-D9FE-4919-AE64-AC76D4F469B2}.Release|x64.ActiveCfg = Release|x64
		{696B71AB-D9FE-4919-AE64-AC76D4F469B2}.Release|x64.Build.0 = Release|x64
		{696B71AB-D9FE-4919-AE64-AC76D4F469B2}.Release|x86.ActiveCfg = Release|Win32
		{696B71AB-D9FE-4919-AE64-AC76D4F469B2}.Release|x86.Build.0 = Release|Win32
		{A9B3800F-DF20-4CA5-BF14-4BA3B07418FC}.Debug|x64.ActiveCfg = Debug|x64
		{A9B3800F-DF20-4CA5-BF14-4BA3B07418FC}.Debug|x64.Build.0 = Debug|x64
		{A9B3800F-DF20-4CA5-BF14-4BA3B07418FC}.Debug|x86.ActiveCfg = Debug|Win32
		{A9B3800F-DF20-4CA5-BF14-4BA3B07418FC}.Debug|x86.Build.0 = Debug|Win32
		{A9B3800F-DF20-4CA5-BF14-4BA3B07418FC}.Release|x64.ActiveCfg = Release|x64
		{A9B3800F-DF20-4CA5-BF14-4BA3B07418FC}.Release|x64.Build.0 = Release|x64
		{A9B3800F-DF20-4CA5-BF14-4BA3B07418FC}.Release|x86.ActiveCfg = Release|Win32
		{A9B3800F-DF20-4CA5-BF14-4BA3B07418FC}.Release|x86.Build.0 = Release|Win32
	EndGlobalSection
	GlobalSection(SolutionProperties) = preSolution
		HideSolutionNode = FALSE
	EndGlobalSection
	GlobalSection(ExtensibilityGlobals) = postSolution
		SolutionGuid = {F25477CC-28AD-4340-B606-5E8B764236E5}
	EndGlobalSection
EndGlobal
